
Microsoft Visual Studio Solution File, Format Version 12.00
# Visual Studio Version 17
VisualStudioVersion = 17.13.35931.197 d17.13
MinimumVisualStudioVersion = 10.0.40219.1
Project("{FAE04EC0-301F-11D3-BF4B-00C04F79EFBC}") = "xy.ORM", "xy.ORM\xy.ORM.csproj", "{86758EB7-BEB9-441C-BC86-0BD933734722}"
EndProject
Project("{FAE04EC0-301F-11D3-BF4B-00C04F79EFBC}") = "TestBench", "TestBench\TestBench.csproj", "{1FAC9D20-8570-46EE-BF47-019014E3F326}"
EndProject
Global
	GlobalSection(SolutionConfigurationPlatforms) = preSolution
		Debug|Any CPU = Debug|Any CPU
		Release|Any CPU = Release|Any CPU
	EndGlobalSection
	GlobalSection(ProjectConfigurationPlatforms) = postSolution
		{86758EB7-BEB9-441C-BC86-0BD933734722}.Debug|Any CPU.ActiveCfg = Debug|Any CPU
		{86758EB7-BEB9-441C-BC86-0BD933734722}.Debug|Any CPU.Build.0 = Debug|Any CPU
		{86758EB7-BEB9-441C-BC86-0BD933734722}.Release|Any CPU.ActiveCfg = Release|Any CPU
		{86758EB7-BEB9-441C-BC86-0BD933734722}.Release|Any CPU.Build.0 = Release|Any CPU
		{1FAC9D20-8570-46EE-BF47-019014E3F326}.Debug|Any CPU.ActiveCfg = Debug|Any CPU
		{1FAC9D20-8570-46EE-BF47-019014E3F326}.Debug|Any CPU.Build.0 = Debug|Any CPU
		{1FAC9D20-8570-46EE-BF47-019014E3F326}.Release|Any CPU.ActiveCfg = Release|Any CPU
		{1FAC9D20-8570-46EE-BF47-019014E3F326}.Release|Any CPU.Build.0 = Release|Any CPU
	EndGlobalSection
	GlobalSection(SolutionProperties) = preSolution
		HideSolutionNode = FALSE
	EndGlobalSection
	GlobalSection(ExtensibilityGlobals) = postSolution
		SolutionGuid = {D45A7AE0-F5F7-49B4-8835-3FA3131AB616}
	EndGlobalSection
EndGlobal
